
Microsoft Visual Studio Solution File, Format Version 12.00
# Visual Studio Version 17
VisualStudioVersion = 17.4.33205.214
MinimumVisualStudioVersion = 10.0.40219.1
Project("{FAE04EC0-301F-11D3-BF4B-00C04F79EFBC}") = "CinemaSystem", "CinemaSystem\CinemaSystem.csproj", "{BA600F11-47B9-48E2-8A9B-D9ABF3BED437}"
EndProject
Global
	GlobalSection(SolutionConfigurationPlatforms) = preSolution
		Debug|Any CPU = Debug|Any CPU
		Release|Any CPU = Release|Any CPU
	EndGlobalSection
	GlobalSection(ProjectConfigurationPlatforms) = postSolution
		{BA600F11-47B9-48E2-8A9B-D9ABF3BED437}.Debug|Any CPU.ActiveCfg = Debug|Any CPU
		{BA600F11-47B9-48E2-8A9B-D9ABF3BED437}.Debug|Any CPU.Build.0 = Debug|Any CPU
		{BA600F11-47B9-48E2-8A9B-D9ABF3BED437}.Release|Any CPU.ActiveCfg = Release|Any CPU
		{BA600F11-47B9-48E2-8A9B-D9ABF3BED437}.Release|Any CPU.Build.0 = Release|Any CPU
	EndGlobalSection
	GlobalSection(SolutionProperties) = preSolution
		HideSolutionNode = FALSE
	EndGlobalSection
	GlobalSection(ExtensibilityGlobals) = postSolution
		SolutionGuid = {D5ACB7BB-9A2B-4B26-800A-0E07CAB2F664}
	EndGlobalSection
EndGlobal
